
Microsoft Visual Studio Solution File, Format Version 12.00
# Visual Studio Version 16
VisualStudioVersion = 16.0.33027.164
MinimumVisualStudioVersion = 10.0.40219.1
Project("{2150E333-8FDC-42A3-9474-1A3956D46DE8}") = "Domain", "Domain", "{B0858030-F25B-4E2A-B6DF-F9511404F1AD}"
EndProject
Project("{2150E333-8FDC-42A3-9474-1A3956D46DE8}") = "Infra.Bus", "Infra.Bus", "{EFAAB8BA-157E-454A-923E-4BB0B3DFF561}"
EndProject
Project("{2150E333-8FDC-42A3-9474-1A3956D46DE8}") = "Infra.IoC", "Infra.IoC", "{E6A335DA-A75F-41C7-9223-8EE3AD91B040}"
EndProject
Project("{2150E333-8FDC-42A3-9474-1A3956D46DE8}") = "Microservices", "Microservices", "{21FDA255-CBCF-43DC-83D7-F2B3CD13E72B}"
EndProject
Project("{2150E333-8FDC-42A3-9474-1A3956D46DE8}") = "Presentation", "Presentation", "{397B85C6-2F23-4C28-856E-A5CDE46E784C}"
EndProject
Project("{9A19103F-16F7-4668-BE54-9A1E7A4F7556}") = "MicroRabbit.Domain.Core", "MicroRabbit.Domain.Core\MicroRabbit.Domain.Core.csproj", "{5918FA44-F4CE-4CDD-A49F-58F4CCE9DCE8}"
EndProject
Project("{9A19103F-16F7-4668-BE54-9A1E7A4F7556}") = "MicroRabbit.Infra.Bus", "MicroRabbit.Infra.Bus\MicroRabbit.Infra.Bus.csproj", "{35C923E8-DA99-4362-AF8A-069A01BDE046}"
EndProject
Project("{9A19103F-16F7-4668-BE54-9A1E7A4F7556}") = "MicroRabbit.Infra.IoC", "MicroRabbit.Infra.IoC\MicroRabbit.Infra.IoC.csproj", "{4A95C928-38BF-4730-A949-25853643867E}"
EndProject
Project("{2150E333-8FDC-42A3-9474-1A3956D46DE8}") = "Banking", "Banking", "{E9EF04AC-89EE-49D1-BB0E-2672AB87AE8A}"
EndProject
Project("{2150E333-8FDC-42A3-9474-1A3956D46DE8}") = "Api", "Api", "{AC935229-ABEE-4923-88EE-1F056B5AFACF}"
EndProject
Project("{2150E333-8FDC-42A3-9474-1A3956D46DE8}") = "Domain", "Domain", "{D7AC1047-4BEE-4540-9038-B3DAED6BBB71}"
EndProject
Project("{2150E333-8FDC-42A3-9474-1A3956D46DE8}") = "Application", "Application", "{DC914951-6913-423A-B8E3-7F86BC2F9F60}"
EndProject
Project("{2150E333-8FDC-42A3-9474-1A3956D46DE8}") = "Data", "Data", "{0BF59057-5A5A-4C30-B202-F30B14A9C1CC}"
EndProject
Project("{FAE04EC0-301F-11D3-BF4B-00C04F79EFBC}") = "MicroRabbit.Banking.Api", "MicroRabbit.Banking.Api\MicroRabbit.Banking.Api.csproj", "{73DF6403-E59F-4B52-9CF5-4611B2F35802}"
EndProject
Project("{FAE04EC0-301F-11D3-BF4B-00C04F79EFBC}") = "MicroRabbit.Banking.Application", "MicroRabbit.Banking.Application\MicroRabbit.Banking.Application.csproj", "{68E5CB86-FC7F-47D5-91AB-98B3CA7FA0AF}"
EndProject
Project("{FAE04EC0-301F-11D3-BF4B-00C04F79EFBC}") = "MicroRabbit.Banking.Data", "MicroRabbit.Banking.Data\MicroRabbit.Banking.Data.csproj", "{D499A1C4-3307-428D-93CD-3BDE68F94A12}"
EndProject
Project("{FAE04EC0-301F-11D3-BF4B-00C04F79EFBC}") = "MicroRabbit.Banking.Domain", "MicroRabbit.Banking.Domain\MicroRabbit.Banking.Domain.csproj", "{B2D1450D-AC43-4788-9889-F1657AC11C2A}"
EndProject
Global
	GlobalSection(SolutionConfigurationPlatforms) = preSolution
		Debug|Any CPU = Debug|Any CPU
		Release|Any CPU = Release|Any CPU
	EndGlobalSection
	GlobalSection(ProjectConfigurationPlatforms) = postSolution
		{5918FA44-F4CE-4CDD-A49F-58F4CCE9DCE8}.Debug|Any CPU.ActiveCfg = Debug|Any CPU
		{5918FA44-F4CE-4CDD-A49F-58F4CCE9DCE8}.Debug|Any CPU.Build.0 = Debug|Any CPU
		{5918FA44-F4CE-4CDD-A49F-58F4CCE9DCE8}.Release|Any CPU.ActiveCfg = Release|Any CPU
		{5918FA44-F4CE-4CDD-A49F-58F4CCE9DCE8}.Release|Any CPU.Build.0 = Release|Any CPU
		{35C923E8-DA99-4362-AF8A-069A01BDE046}.Debug|Any CPU.ActiveCfg = Debug|Any CPU
		{35C923E8-DA99-4362-AF8A-069A01BDE046}.Debug|Any CPU.Build.0 = Debug|Any CPU
		{35C923E8-DA99-4362-AF8A-069A01BDE046}.Release|Any CPU.ActiveCfg = Release|Any CPU
		{35C923E8-DA99-4362-AF8A-069A01BDE046}.Release|Any CPU.Build.0 = Release|Any CPU
		{4A95C928-38BF-4730-A949-25853643867E}.Debug|Any CPU.ActiveCfg = Debug|Any CPU
		{4A95C928-38BF-4730-A949-25853643867E}.Debug|Any CPU.Build.0 = Debug|Any CPU
		{4A95C928-38BF-4730-A949-25853643867E}.Release|Any CPU.ActiveCfg = Release|Any CPU
		{4A95C928-38BF-4730-A949-25853643867E}.Release|Any CPU.Build.0 = Release|Any CPU
		{73DF6403-E59F-4B52-9CF5-4611B2F35802}.Debug|Any CPU.ActiveCfg = Debug|Any CPU
		{73DF6403-E59F-4B52-9CF5-4611B2F35802}.Debug|Any CPU.Build.0 = Debug|Any CPU
		{73DF6403-E59F-4B52-9CF5-4611B2F35802}.Release|Any CPU.ActiveCfg = Release|Any CPU
		{73DF6403-E59F-4B52-9CF5-4611B2F35802}.Release|Any CPU.Build.0 = Release|Any CPU
		{68E5CB86-FC7F-47D5-91AB-98B3CA7FA0AF}.Debug|Any CPU.ActiveCfg = Debug|Any CPU
		{68E5CB86-FC7F-47D5-91AB-98B3CA7FA0AF}.Debug|Any CPU.Build.0 = Debug|Any CPU
		{68E5CB86-FC7F-47D5-91AB-98B3CA7FA0AF}.Release|Any CPU.ActiveCfg = Release|Any CPU
		{68E5CB86-FC7F-47D5-91AB-98B3CA7FA0AF}.Release|Any CPU.Build.0 = Release|Any CPU
		{D499A1C4-3307-428D-93CD-3BDE68F94A12}.Debug|Any CPU.ActiveCfg = Debug|Any CPU
		{D499A1C4-3307-428D-93CD-3BDE68F94A12}.Debug|Any CPU.Build.0 = Debug|Any CPU
		{D499A1C4-3307-428D-93CD-3BDE68F94A12}.Release|Any CPU.ActiveCfg = Release|Any CPU
		{D499A1C4-3307-428D-93CD-3BDE68F94A12}.Release|Any CPU.Build.0 = Release|Any CPU
		{B2D1450D-AC43-4788-9889-F1657AC11C2A}.Debug|Any CPU.ActiveCfg = Debug|Any CPU
		{B2D1450D-AC43-4788-9889-F1657AC11C2A}.Debug|Any CPU.Build.0 = Debug|Any CPU
		{B2D1450D-AC43-4788-9889-F1657AC11C2A}.Release|Any CPU.ActiveCfg = Release|Any CPU
		{B2D1450D-AC43-4788-9889-F1657AC11C2A}.Release|Any CPU.Build.0 = Release|Any CPU
	EndGlobalSection
	GlobalSection(SolutionProperties) = preSolution
		HideSolutionNode = FALSE
	EndGlobalSection
	GlobalSection(NestedProjects) = preSolution
		{5918FA44-F4CE-4CDD-A49F-58F4CCE9DCE8} = {B0858030-F25B-4E2A-B6DF-F9511404F1AD}
		{35C923E8-DA99-4362-AF8A-069A01BDE046} = {EFAAB8BA-157E-454A-923E-4BB0B3DFF561}
		{4A95C928-38BF-4730-A949-25853643867E} = {E6A335DA-A75F-41C7-9223-8EE3AD91B040}
		{E9EF04AC-89EE-49D1-BB0E-2672AB87AE8A} = {21FDA255-CBCF-43DC-83D7-F2B3CD13E72B}
		{AC935229-ABEE-4923-88EE-1F056B5AFACF} = {E9EF04AC-89EE-49D1-BB0E-2672AB87AE8A}
		{D7AC1047-4BEE-4540-9038-B3DAED6BBB71} = {E9EF04AC-89EE-49D1-BB0E-2672AB87AE8A}
		{DC914951-6913-423A-B8E3-7F86BC2F9F60} = {E9EF04AC-89EE-49D1-BB0E-2672AB87AE8A}
		{0BF59057-5A5A-4C30-B202-F30B14A9C1CC} = {E9EF04AC-89EE-49D1-BB0E-2672AB87AE8A}
		{73DF6403-E59F-4B52-9CF5-4611B2F35802} = {AC935229-ABEE-4923-88EE-1F056B5AFACF}
		{68E5CB86-FC7F-47D5-91AB-98B3CA7FA0AF} = {DC914951-6913-423A-B8E3-7F86BC2F9F60}
		{D499A1C4-3307-428D-93CD-3BDE68F94A12} = {0BF59057-5A5A-4C30-B202-F30B14A9C1CC}
		{B2D1450D-AC43-4788-9889-F1657AC11C2A} = {D7AC1047-4BEE-4540-9038-B3DAED6BBB71}
	EndGlobalSection
	GlobalSection(ExtensibilityGlobals) = postSolution
		SolutionGuid = {6179445F-57E3-4A47-B6F7-1D50C245EDF7}
	EndGlobalSection
EndGlobal
