
Microsoft Visual Studio Solution File, Format Version 12.00
# Visual Studio Version 16
VisualStudioVersion = 16.0.33027.164
MinimumVisualStudioVersion = 10.0.40219.1
Project("{FAE04EC0-301F-11D3-BF4B-00C04F79EFBC}") = "MicroRabbit", "MicroRabbit\MicroRabbit.csproj", "{770658C4-79AB-49AF-BD99-5D088B209526}"
EndProject
Global
	GlobalSection(SolutionConfigurationPlatforms) = preSolution
		Debug|Any CPU = Debug|Any CPU
		Release|Any CPU = Release|Any CPU
	EndGlobalSection
	GlobalSection(ProjectConfigurationPlatforms) = postSolution
		{770658C4-79AB-49AF-BD99-5D088B209526}.Debug|Any CPU.ActiveCfg = Debug|Any CPU
		{770658C4-79AB-49AF-BD99-5D088B209526}.Debug|Any CPU.Build.0 = Debug|Any CPU
		{770658C4-79AB-49AF-BD99-5D088B209526}.Release|Any CPU.ActiveCfg = Release|Any CPU
		{770658C4-79AB-49AF-BD99-5D088B209526}.Release|Any CPU.Build.0 = Release|Any CPU
	EndGlobalSection
	GlobalSection(SolutionProperties) = preSolution
		HideSolutionNode = FALSE
	EndGlobalSection
	GlobalSection(ExtensibilityGlobals) = postSolution
		SolutionGuid = {6179445F-57E3-4A47-B6F7-1D50C245EDF7}
	EndGlobalSection
EndGlobal
